
Microsoft Visual Studio Solution File, Format Version 12.00
# Visual Studio Version 17
VisualStudioVersion = 17.5.33414.496
MinimumVisualStudioVersion = 10.0.40219.1
Project("{FAE04EC0-301F-11D3-BF4B-00C04F79EFBC}") = "CSharp.WPF.ADO.ConnectionModels", "CSharp.WPF.ADO.ConnectionModels.csproj", "{C41C8682-F396-4A39-82A0-32C670F4E212}"
EndProject
Global
	GlobalSection(SolutionConfigurationPlatforms) = preSolution
		Debug|Any CPU = Debug|Any CPU
		Release|Any CPU = Release|Any CPU
	EndGlobalSection
	GlobalSection(ProjectConfigurationPlatforms) = postSolution
		{C41C8682-F396-4A39-82A0-32C670F4E212}.Debug|Any CPU.ActiveCfg = Debug|Any CPU
		{C41C8682-F396-4A39-82A0-32C670F4E212}.Debug|Any CPU.Build.0 = Debug|Any CPU
		{C41C8682-F396-4A39-82A0-32C670F4E212}.Release|Any CPU.ActiveCfg = Release|Any CPU
		{C41C8682-F396-4A39-82A0-32C670F4E212}.Release|Any CPU.Build.0 = Release|Any CPU
	EndGlobalSection
	GlobalSection(SolutionProperties) = preSolution
		HideSolutionNode = FALSE
	EndGlobalSection
	GlobalSection(ExtensibilityGlobals) = postSolution
		SolutionGuid = {9ED42C47-5FDE-47A0-B0DA-EC371C21F322}
	EndGlobalSection
EndGlobal
